
Microsoft Visual Studio Solution File, Format Version 12.00
# Visual Studio Version 17
VisualStudioVersion = 17.0.31903.59
MinimumVisualStudioVersion = 10.0.40219.1
Project("{FAE04EC0-301F-11D3-BF4B-00C04F79EFBC}") = "LibraryVision.Net", "LibraryVision.Net\LibraryVision.Net.csproj", "{0F0BAE29-5EC0-4E1A-8AF0-FAE35675F1F2}"
EndProject
Global
	GlobalSection(SolutionConfigurationPlatforms) = preSolution
		Debug|Any CPU = Debug|Any CPU
		Release|Any CPU = Release|Any CPU
	EndGlobalSection
	GlobalSection(ProjectConfigurationPlatforms) = postSolution
		{0F0BAE29-5EC0-4E1A-8AF0-FAE35675F1F2}.Debug|Any CPU.ActiveCfg = Debug|Any CPU
		{0F0BAE29-5EC0-4E1A-8AF0-FAE35675F1F2}.Debug|Any CPU.Build.0 = Debug|Any CPU
		{0F0BAE29-5EC0-4E1A-8AF0-FAE35675F1F2}.Release|Any CPU.ActiveCfg = Release|Any CPU
		{0F0BAE29-5EC0-4E1A-8AF0-FAE35675F1F2}.Release|Any CPU.Build.0 = Release|Any CPU
	EndGlobalSection
	GlobalSection(SolutionProperties) = preSolution
		HideSolutionNode = FALSE
	EndGlobalSection
EndGlobal
